{
  "name": "base-acme-client",
  "version": "1.1.9",
  "lockfileVersion": 3,
  "requires": true,
  "packages": {
    "": {
      "name": "base-acme-client",
      "version": "1.1.9",
      "license": "Apache-2.0",
      "dependencies": {
        "simple-csr-generator": "^1.1.1"
      }
    },
    "node_modules/simple-asn1": {
      "version": "2.0.2",
      "resolved": "https://registry.npmjs.org/simple-asn1/-/simple-asn1-2.0.2.tgz",
      "integrity": "sha512-wJLJLplA+EOEN8hXHEaVGilw3dV+nsOsslWDihgrYKXM3ZzjqRIbVzHznrWFdJEaozVtkN4d03ugWO4P0oR+3g==",
      "license": "Apache-2.0"
    },
    "node_modules/simple-csr-generator": {
      "version": "1.1.1",
      "resolved": "https://registry.npmjs.org/simple-csr-generator/-/simple-csr-generator-1.1.1.tgz",
      "integrity": "sha512-4cdkEdNi779MzjhksPF4FGKadnikfvVov7YTmSmHeFiyCtawmt7L7400Bb4fOVUABaYzqSMbS4TQ5f0sQJqGZw==",
      "license": "Apache-2.0",
      "dependencies": {
        "simple-asn1": "^2.0.2"
      }
    }
  }
}
