{
  "name": "base-acme-client",
  "version": "1.1.4",
  "lockfileVersion": 3,
  "requires": true,
  "packages": {
    "": {
      "name": "base-acme-client",
      "version": "1.1.4",
      "license": "Apache-2.0",
      "dependencies": {
        "simple-csr-generator": "^1.0.7"
      }
    },
    "node_modules/simple-asn1": {
      "version": "1.0.5",
      "resolved": "https://registry.npmjs.org/simple-asn1/-/simple-asn1-1.0.5.tgz",
      "integrity": "sha512-TtP4dpXoFW3bDKF5wvVbNqXtD735C3eIao2y9kfXC7nP5AtIIq6wtdBgdR5kzlNZfH9ghHRAS9oanxsrPCCAkQ==",
      "license": "Apache-2.0"
    },
    "node_modules/simple-csr-generator": {
      "version": "1.0.7",
      "resolved": "https://registry.npmjs.org/simple-csr-generator/-/simple-csr-generator-1.0.7.tgz",
      "integrity": "sha512-2EP7/LDP8oGdWLTp6G5ellSoMnJPJc3G1MzfcMd43bJwfNYA8hDWxxyWOprcBRkqR6GNJC5VTNPItWaqdNyctA==",
      "license": "Apache-2.0",
      "dependencies": {
        "simple-asn1": "^1.0.5"
      }
    }
  }
}
