{
  "name": "base-acme-client",
  "version": "23.0.1",
  "lockfileVersion": 3,
  "requires": true,
  "packages": {
    "": {
      "name": "base-acme-client",
      "version": "23.0.1",
      "license": "Apache-2.0",
      "dependencies": {
        "simple-csr-generator": "^4.0.1"
      }
    },
    "node_modules/simple-asn1": {
      "version": "4.0.1",
      "resolved": "https://registry.npmjs.org/simple-asn1/-/simple-asn1-4.0.1.tgz",
      "integrity": "sha512-Dq2vJRYCEf+UziNg+2D0QbDDmFx4XjQDydbJrZ82FV8qsYOSU7gNtGM5GWjeK/3cQJYsFVjDm78CBRKYsAyaPg==",
      "license": "Apache-2.0"
    },
    "node_modules/simple-csr-generator": {
      "version": "4.0.1",
      "resolved": "https://registry.npmjs.org/simple-csr-generator/-/simple-csr-generator-4.0.1.tgz",
      "integrity": "sha512-rFhihvNFEZYSVhpww5xV+K/mExynarL+Je7Y40ESom4NL6wbZdrbiKV6M3iYgF//OwAlRPphY8xfTaOo1yoC3Q==",
      "license": "Apache-2.0",
      "dependencies": {
        "simple-asn1": "^4.0.1"
      }
    }
  }
}
